// !$*UTF8*$!
{
	archiveVersion = 1;
	classes = {
	};
	objectVersion = 50;
	objects = {

/* Begin PBXBuildFile section */
		2D5DFCDF25FE6B3900561C99 /* Device.swift in Sources */ = {isa = PBXBuildFile; fileRef = 2D5DFCDE25FE6B3900561C99 /* Device.swift */; };
		2D7D2E2F25EDDF0D004FDB8F /* passlist.xcdatamodeld in Sources */ = {isa = PBXBuildFile; fileRef = 2D7D2E2D25EDDF0D004FDB8F /* passlist.xcdatamodeld */; };
		2D7D2E3625EEEEAD004FDB8F /* CatView.swift in Sources */ = {isa = PBXBuildFile; fileRef = 2D7D2E3525EEEEAD004FDB8F /* CatView.swift */; };
		2D7D2E3A25EEFDA7004FDB8F /* Extensions.swift in Sources */ = {isa = PBXBuildFile; fileRef = 2D7D2E3925EEFDA7004FDB8F /* Extensions.swift */; };
		2D7D2E3D25EEFED4004FDB8F /* CatEditView.swift in Sources */ = {isa = PBXBuildFile; fileRef = 2D7D2E3C25EEFED4004FDB8F /* CatEditView.swift */; };
		2D89E08B25EAD67600939877 /* AppDelegate.swift in Sources */ = {isa = PBXBuildFile; fileRef = 2D89E08A25EAD67600939877 /* AppDelegate.swift */; };
		2D89E08D25EAD67600939877 /* SceneDelegate.swift in Sources */ = {isa = PBXBuildFile; fileRef = 2D89E08C25EAD67600939877 /* SceneDelegate.swift */; };
		2D89E08F25EAD67600939877 /* ListView.swift in Sources */ = {isa = PBXBuildFile; fileRef = 2D89E08E25EAD67600939877 /* ListView.swift */; };
		2D89E09125EAD67700939877 /* Assets.xcassets in Resources */ = {isa = PBXBuildFile; fileRef = 2D89E09025EAD67700939877 /* Assets.xcassets */; };
		2D89E09425EAD67700939877 /* Preview Assets.xcassets in Resources */ = {isa = PBXBuildFile; fileRef = 2D89E09325EAD67700939877 /* Preview Assets.xcassets */; };
		2D89E09725EAD67700939877 /* LaunchScreen.storyboard in Resources */ = {isa = PBXBuildFile; fileRef = 2D89E09525EAD67700939877 /* LaunchScreen.storyboard */; };
		2D89E0A125EAD68E00939877 /* ListItem.swift in Sources */ = {isa = PBXBuildFile; fileRef = 2D89E09F25EAD68E00939877 /* ListItem.swift */; };
		2D89E0A225EAD68E00939877 /* ItemView.swift in Sources */ = {isa = PBXBuildFile; fileRef = 2D89E0A025EAD68E00939877 /* ItemView.swift */; };
		2D89E0B125EAD87700939877 /* CloudKit.framework in Frameworks */ = {isa = PBXBuildFile; fileRef = 2D89E0B025EAD87700939877 /* CloudKit.framework */; };
		2D8D534A25F41A3B00A5F397 /* Emojis.swift in Sources */ = {isa = PBXBuildFile; fileRef = 2D8D534925F41A3B00A5F397 /* Emojis.swift */; };
		2D9ADA5726038CFD00304049 /* AuthenticationServices.framework in Frameworks */ = {isa = PBXBuildFile; fileRef = 2D9ADA5626038CFD00304049 /* AuthenticationServices.framework */; };
		2DA9AD5725EB158E00A2633F /* StandardCryto.swift in Sources */ = {isa = PBXBuildFile; fileRef = 2DA9AD5625EB158E00A2633F /* StandardCryto.swift */; };
		6F07D6BE260A540300148869 /* NetworkExtension.framework in Frameworks */ = {isa = PBXBuildFile; fileRef = 6F07D6BD260A540300148869 /* NetworkExtension.framework */; };
		6F83C6F3260FCDEF007B0D8E /* catViewLockStack.swift in Sources */ = {isa = PBXBuildFile; fileRef = 6F83C6F2260FCDEF007B0D8E /* catViewLockStack.swift */; };
		6F83C6FA260FD1F0007B0D8E /* catViewStack.swift in Sources */ = {isa = PBXBuildFile; fileRef = 6F83C6F9260FD1F0007B0D8E /* catViewStack.swift */; };
		6F83C700260FD586007B0D8E /* SecurityClass.swift in Sources */ = {isa = PBXBuildFile; fileRef = 6F83C6FF260FD586007B0D8E /* SecurityClass.swift */; };
		6F83C703260FD615007B0D8E /* catViewFunctions.swift in Sources */ = {isa = PBXBuildFile; fileRef = 6F83C702260FD615007B0D8E /* catViewFunctions.swift */; };
		6F83C70B260FDC5A007B0D8E /* catViewSearchStack.swift in Sources */ = {isa = PBXBuildFile; fileRef = 6F83C70A260FDC5A007B0D8E /* catViewSearchStack.swift */; };
		6F83C717261019E9007B0D8E /* catEditViewStack.swift in Sources */ = {isa = PBXBuildFile; fileRef = 6F83C716261019E9007B0D8E /* catEditViewStack.swift */; };
		6F83C71C26101A9B007B0D8E /* catEditViewFunctions.swift in Sources */ = {isa = PBXBuildFile; fileRef = 6F83C71B26101A9B007B0D8E /* catEditViewFunctions.swift */; };
		6F83C72026101AC7007B0D8E /* catEditViewSomeViews.swift in Sources */ = {isa = PBXBuildFile; fileRef = 6F83C71F26101AC7007B0D8E /* catEditViewSomeViews.swift */; };
		6F83C73426101DFC007B0D8E /* listViewFunctions.swift in Sources */ = {isa = PBXBuildFile; fileRef = 6F83C73326101DFC007B0D8E /* listViewFunctions.swift */; };
		6F83C739261024B7007B0D8E /* listViewSearchView.swift in Sources */ = {isa = PBXBuildFile; fileRef = 6F83C738261024B7007B0D8E /* listViewSearchView.swift */; };
		6F83C73C2610251A007B0D8E /* listViewForEachView.swift in Sources */ = {isa = PBXBuildFile; fileRef = 6F83C73B2610251A007B0D8E /* listViewForEachView.swift */; };
		6F83C73F2610255D007B0D8E /* listViewStack.swift in Sources */ = {isa = PBXBuildFile; fileRef = 6F83C73E2610255D007B0D8E /* listViewStack.swift */; };
		6F83C742261025B1007B0D8E /* listViewDetailListView.swift in Sources */ = {isa = PBXBuildFile; fileRef = 6F83C741261025B1007B0D8E /* listViewDetailListView.swift */; };
		6F83C74826102A0A007B0D8E /* clipboard.swift in Sources */ = {isa = PBXBuildFile; fileRef = 6F83C74726102A0A007B0D8E /* clipboard.swift */; };
		6F83C74C26102AF2007B0D8E /* itemViewClearNewTextFunction.swift in Sources */ = {isa = PBXBuildFile; fileRef = 6F83C74B26102AF2007B0D8E /* itemViewClearNewTextFunction.swift */; };
		6F83C75026102B6C007B0D8E /* PrivatePartsClass.swift in Sources */ = {isa = PBXBuildFile; fileRef = 6F83C74F26102B6C007B0D8E /* PrivatePartsClass.swift */; };
		6F83C75426102BEF007B0D8E /* saveFunction.swift in Sources */ = {isa = PBXBuildFile; fileRef = 6F83C75326102BEF007B0D8E /* saveFunction.swift */; };
		6F83C75826102C39007B0D8E /* itemViewFunctions.swift in Sources */ = {isa = PBXBuildFile; fileRef = 6F83C75726102C39007B0D8E /* itemViewFunctions.swift */; };
		6F83C75B26102CEC007B0D8E /* itemViewUI.swift in Sources */ = {isa = PBXBuildFile; fileRef = 6F83C75A26102CEC007B0D8E /* itemViewUI.swift */; };
		6F83C75F26102D91007B0D8E /* itemViewPasswordStack.swift in Sources */ = {isa = PBXBuildFile; fileRef = 6F83C75E26102D91007B0D8E /* itemViewPasswordStack.swift */; };
		6F83C76326102DD0007B0D8E /* itemViewCreditCardStack.swift in Sources */ = {isa = PBXBuildFile; fileRef = 6F83C76226102DD0007B0D8E /* itemViewCreditCardStack.swift */; };
		6F83C76626102E0D007B0D8E /* itemViewLicenseKeyStack.swift in Sources */ = {isa = PBXBuildFile; fileRef = 6F83C76526102E0D007B0D8E /* itemViewLicenseKeyStack.swift */; };
		6F83C76A26102EA5007B0D8E /* itemViewMainView.swift in Sources */ = {isa = PBXBuildFile; fileRef = 6F83C76926102EA5007B0D8E /* itemViewMainView.swift */; };
		6FA9CEAC2610F58C006DBB32 /* macEmojiSelector.swift in Sources */ = {isa = PBXBuildFile; fileRef = 6FA9CEAB2610F58C006DBB32 /* macEmojiSelector.swift */; };
/* End PBXBuildFile section */

/* Begin PBXFileReference section */
		2D5DFCDE25FE6B3900561C99 /* Device.swift */ = {isa = PBXFileReference; lastKnownFileType = sourcecode.swift; path = Device.swift; sourceTree = "<group>"; };
		2D7D2E2E25EDDF0D004FDB8F /* OrderedList.xcdatamodel */ = {isa = PBXFileReference; lastKnownFileType = wrapper.xcdatamodel; path = OrderedList.xcdatamodel; sourceTree = "<group>"; };
		2D7D2E3525EEEEAD004FDB8F /* CatView.swift */ = {isa = PBXFileReference; lastKnownFileType = sourcecode.swift; path = CatView.swift; sourceTree = "<group>"; };
		2D7D2E3925EEFDA7004FDB8F /* Extensions.swift */ = {isa = PBXFileReference; lastKnownFileType = sourcecode.swift; path = Extensions.swift; sourceTree = "<group>"; };
		2D7D2E3C25EEFED4004FDB8F /* CatEditView.swift */ = {isa = PBXFileReference; lastKnownFileType = sourcecode.swift; path = CatEditView.swift; sourceTree = "<group>"; };
		2D89E08725EAD67600939877 /* Emoji Pass X.app */ = {isa = PBXFileReference; explicitFileType = wrapper.application; includeInIndex = 0; path = "Emoji Pass X.app"; sourceTree = BUILT_PRODUCTS_DIR; };
		2D89E08A25EAD67600939877 /* AppDelegate.swift */ = {isa = PBXFileReference; lastKnownFileType = sourcecode.swift; path = AppDelegate.swift; sourceTree = "<group>"; };
		2D89E08C25EAD67600939877 /* SceneDelegate.swift */ = {isa = PBXFileReference; lastKnownFileType = sourcecode.swift; path = SceneDelegate.swift; sourceTree = "<group>"; };
		2D89E08E25EAD67600939877 /* ListView.swift */ = {isa = PBXFileReference; lastKnownFileType = sourcecode.swift; path = ListView.swift; sourceTree = "<group>"; };
		2D89E09025EAD67700939877 /* Assets.xcassets */ = {isa = PBXFileReference; lastKnownFileType = folder.assetcatalog; path = Assets.xcassets; sourceTree = "<group>"; };
		2D89E09325EAD67700939877 /* Preview Assets.xcassets */ = {isa = PBXFileReference; lastKnownFileType = folder.assetcatalog; path = "Preview Assets.xcassets"; sourceTree = "<group>"; };
		2D89E09625EAD67700939877 /* Base */ = {isa = PBXFileReference; lastKnownFileType = file.storyboard; name = Base; path = Base.lproj/LaunchScreen.storyboard; sourceTree = "<group>"; };
		2D89E09825EAD67700939877 /* Info.plist */ = {isa = PBXFileReference; lastKnownFileType = text.plist.xml; path = Info.plist; sourceTree = "<group>"; };
		2D89E09F25EAD68E00939877 /* ListItem.swift */ = {isa = PBXFileReference; fileEncoding = 4; lastKnownFileType = sourcecode.swift; path = ListItem.swift; sourceTree = "<group>"; };
		2D89E0A025EAD68E00939877 /* ItemView.swift */ = {isa = PBXFileReference; fileEncoding = 4; lastKnownFileType = sourcecode.swift; path = ItemView.swift; sourceTree = "<group>"; };
		2D89E0AD25EAD87500939877 /* Emoji Pass X.entitlements */ = {isa = PBXFileReference; lastKnownFileType = text.plist.entitlements; path = "Emoji Pass X.entitlements"; sourceTree = "<group>"; };
		2D89E0B025EAD87700939877 /* CloudKit.framework */ = {isa = PBXFileReference; lastKnownFileType = wrapper.framework; name = CloudKit.framework; path = System/Library/Frameworks/CloudKit.framework; sourceTree = SDKROOT; };
		2D8D534925F41A3B00A5F397 /* Emojis.swift */ = {isa = PBXFileReference; lastKnownFileType = sourcecode.swift; path = Emojis.swift; sourceTree = "<group>"; };
		2D9ADA5626038CFD00304049 /* AuthenticationServices.framework */ = {isa = PBXFileReference; lastKnownFileType = wrapper.framework; name = AuthenticationServices.framework; path = System/Library/Frameworks/AuthenticationServices.framework; sourceTree = SDKROOT; };
		2DA9AD5625EB158E00A2633F /* StandardCryto.swift */ = {isa = PBXFileReference; fileEncoding = 4; lastKnownFileType = sourcecode.swift; path = StandardCryto.swift; sourceTree = "<group>"; };
		6F07D6BD260A540300148869 /* NetworkExtension.framework */ = {isa = PBXFileReference; lastKnownFileType = wrapper.framework; name = NetworkExtension.framework; path = System/Library/Frameworks/NetworkExtension.framework; sourceTree = SDKROOT; };
		6F816EAD2612AE3600CF63AE /* Emoji Pass XRelease.entitlements */ = {isa = PBXFileReference; lastKnownFileType = text.plist.entitlements; path = "Emoji Pass XRelease.entitlements"; sourceTree = "<group>"; };
		6F83C6F2260FCDEF007B0D8E /* catViewLockStack.swift */ = {isa = PBXFileReference; lastKnownFileType = sourcecode.swift; path = catViewLockStack.swift; sourceTree = "<group>"; };
		6F83C6F9260FD1F0007B0D8E /* catViewStack.swift */ = {isa = PBXFileReference; lastKnownFileType = sourcecode.swift; path = catViewStack.swift; sourceTree = "<group>"; };
		6F83C6FF260FD586007B0D8E /* SecurityClass.swift */ = {isa = PBXFileReference; lastKnownFileType = sourcecode.swift; path = SecurityClass.swift; sourceTree = "<group>"; };
		6F83C702260FD615007B0D8E /* catViewFunctions.swift */ = {isa = PBXFileReference; lastKnownFileType = sourcecode.swift; path = catViewFunctions.swift; sourceTree = "<group>"; };
		6F83C70A260FDC5A007B0D8E /* catViewSearchStack.swift */ = {isa = PBXFileReference; lastKnownFileType = sourcecode.swift; path = catViewSearchStack.swift; sourceTree = "<group>"; };
		6F83C716261019E9007B0D8E /* catEditViewStack.swift */ = {isa = PBXFileReference; lastKnownFileType = sourcecode.swift; path = catEditViewStack.swift; sourceTree = "<group>"; };
		6F83C71B26101A9B007B0D8E /* catEditViewFunctions.swift */ = {isa = PBXFileReference; lastKnownFileType = sourcecode.swift; path = catEditViewFunctions.swift; sourceTree = "<group>"; };
		6F83C71F26101AC7007B0D8E /* catEditViewSomeViews.swift */ = {isa = PBXFileReference; lastKnownFileType = sourcecode.swift; path = catEditViewSomeViews.swift; sourceTree = "<group>"; };
		6F83C73326101DFC007B0D8E /* listViewFunctions.swift */ = {isa = PBXFileReference; lastKnownFileType = sourcecode.swift; path = listViewFunctions.swift; sourceTree = "<group>"; };
		6F83C738261024B7007B0D8E /* listViewSearchView.swift */ = {isa = PBXFileReference; lastKnownFileType = sourcecode.swift; path = listViewSearchView.swift; sourceTree = "<group>"; };
		6F83C73B2610251A007B0D8E /* listViewForEachView.swift */ = {isa = PBXFileReference; lastKnownFileType = sourcecode.swift; path = listViewForEachView.swift; sourceTree = "<group>"; };
		6F83C73E2610255D007B0D8E /* listViewStack.swift */ = {isa = PBXFileReference; lastKnownFileType = sourcecode.swift; path = listViewStack.swift; sourceTree = "<group>"; };
		6F83C741261025B1007B0D8E /* listViewDetailListView.swift */ = {isa = PBXFileReference; lastKnownFileType = sourcecode.swift; path = listViewDetailListView.swift; sourceTree = "<group>"; };
		6F83C74726102A0A007B0D8E /* clipboard.swift */ = {isa = PBXFileReference; lastKnownFileType = sourcecode.swift; path = clipboard.swift; sourceTree = "<group>"; };
		6F83C74B26102AF2007B0D8E /* itemViewClearNewTextFunction.swift */ = {isa = PBXFileReference; lastKnownFileType = sourcecode.swift; path = itemViewClearNewTextFunction.swift; sourceTree = "<group>"; };
		6F83C74F26102B6C007B0D8E /* PrivatePartsClass.swift */ = {isa = PBXFileReference; lastKnownFileType = sourcecode.swift; path = PrivatePartsClass.swift; sourceTree = "<group>"; };
		6F83C75326102BEF007B0D8E /* saveFunction.swift */ = {isa = PBXFileReference; lastKnownFileType = sourcecode.swift; path = saveFunction.swift; sourceTree = "<group>"; };
		6F83C75726102C39007B0D8E /* itemViewFunctions.swift */ = {isa = PBXFileReference; lastKnownFileType = sourcecode.swift; path = itemViewFunctions.swift; sourceTree = "<group>"; };
		6F83C75A26102CEC007B0D8E /* itemViewUI.swift */ = {isa = PBXFileReference; lastKnownFileType = sourcecode.swift; path = itemViewUI.swift; sourceTree = "<group>"; };
		6F83C75E26102D91007B0D8E /* itemViewPasswordStack.swift */ = {isa = PBXFileReference; lastKnownFileType = sourcecode.swift; path = itemViewPasswordStack.swift; sourceTree = "<group>"; };
		6F83C76226102DD0007B0D8E /* itemViewCreditCardStack.swift */ = {isa = PBXFileReference; lastKnownFileType = sourcecode.swift; path = itemViewCreditCardStack.swift; sourceTree = "<group>"; };
		6F83C76526102E0D007B0D8E /* itemViewLicenseKeyStack.swift */ = {isa = PBXFileReference; lastKnownFileType = sourcecode.swift; path = itemViewLicenseKeyStack.swift; sourceTree = "<group>"; };
		6F83C76926102EA5007B0D8E /* itemViewMainView.swift */ = {isa = PBXFileReference; lastKnownFileType = sourcecode.swift; path = itemViewMainView.swift; sourceTree = "<group>"; };
		6FA9CEAB2610F58C006DBB32 /* macEmojiSelector.swift */ = {isa = PBXFileReference; lastKnownFileType = sourcecode.swift; path = macEmojiSelector.swift; sourceTree = "<group>"; };
/* End PBXFileReference section */

/* Begin PBXFrameworksBuildPhase section */
		2D89E08425EAD67600939877 /* Frameworks */ = {
			isa = PBXFrameworksBuildPhase;
			buildActionMask = 2147483647;
			files = (
				2D9ADA5726038CFD00304049 /* AuthenticationServices.framework in Frameworks */,
				6F07D6BE260A540300148869 /* NetworkExtension.framework in Frameworks */,
				2D89E0B125EAD87700939877 /* CloudKit.framework in Frameworks */,
			);
			runOnlyForDeploymentPostprocessing = 0;
		};
/* End PBXFrameworksBuildPhase section */

/* Begin PBXGroup section */
		2D89E07E25EAD67600939877 = {
			isa = PBXGroup;
			children = (
				2D89E08925EAD67600939877 /* Emoji Pass X */,
				2D89E08825EAD67600939877 /* Products */,
				2D89E0AF25EAD87700939877 /* Frameworks */,
			);
			sourceTree = "<group>";
		};
		2D89E08825EAD67600939877 /* Products */ = {
			isa = PBXGroup;
			children = (
				2D89E08725EAD67600939877 /* Emoji Pass X.app */,
			);
			name = Products;
			sourceTree = "<group>";
		};
		2D89E08925EAD67600939877 /* Emoji Pass X */ = {
			isa = PBXGroup;
			children = (
				6F816EAD2612AE3600CF63AE /* Emoji Pass XRelease.entitlements */,
				2D89E0AD25EAD87500939877 /* Emoji Pass X.entitlements */,
				2D89E0BE25EB0BA600939877 /* Delegates */,
				2D89E0C025EB0BB400939877 /* Model */,
				2D89E0BF25EB0BAE00939877 /* View */,
				6F83C6F6260FD146007B0D8E /* View-Model */,
				2D89E09025EAD67700939877 /* Assets.xcassets */,
				2D89E09525EAD67700939877 /* LaunchScreen.storyboard */,
				2D89E09825EAD67700939877 /* Info.plist */,
				2D89E09225EAD67700939877 /* Preview Content */,
			);
			path = "Emoji Pass X";
			sourceTree = "<group>";
		};
		2D89E09225EAD67700939877 /* Preview Content */ = {
			isa = PBXGroup;
			children = (
				2D89E09325EAD67700939877 /* Preview Assets.xcassets */,
			);
			path = "Preview Content";
			sourceTree = "<group>";
		};
		2D89E0AF25EAD87700939877 /* Frameworks */ = {
			isa = PBXGroup;
			children = (
				6F07D6BD260A540300148869 /* NetworkExtension.framework */,
				2D9ADA5626038CFD00304049 /* AuthenticationServices.framework */,
				2D89E0B025EAD87700939877 /* CloudKit.framework */,
			);
			name = Frameworks;
			sourceTree = "<group>";
		};
		2D89E0BE25EB0BA600939877 /* Delegates */ = {
			isa = PBXGroup;
			children = (
				2D89E08A25EAD67600939877 /* AppDelegate.swift */,
				2D89E08C25EAD67600939877 /* SceneDelegate.swift */,
			);
			path = Delegates;
			sourceTree = "<group>";
		};
		2D89E0BF25EB0BAE00939877 /* View */ = {
			isa = PBXGroup;
			children = (
				2D7D2E3525EEEEAD004FDB8F /* CatView.swift */,
				2D7D2E3C25EEFED4004FDB8F /* CatEditView.swift */,
				2D89E08E25EAD67600939877 /* ListView.swift */,
				2D89E0A025EAD68E00939877 /* ItemView.swift */,
			);
			path = View;
			sourceTree = "<group>";
		};
		2D89E0C025EB0BB400939877 /* Model */ = {
			isa = PBXGroup;
			children = (
				2D89E09F25EAD68E00939877 /* ListItem.swift */,
				6FA9CEAB2610F58C006DBB32 /* macEmojiSelector.swift */,
				2D7D2E2D25EDDF0D004FDB8F /* passlist.xcdatamodeld */,
				2D7D2E3925EEFDA7004FDB8F /* Extensions.swift */,
				2D5DFCDE25FE6B3900561C99 /* Device.swift */,
				2D8D534925F41A3B00A5F397 /* Emojis.swift */,
				2DA9AD5625EB158E00A2633F /* StandardCryto.swift */,
			);
			path = Model;
			sourceTree = "<group>";
		};
		6F83C6F6260FD146007B0D8E /* View-Model */ = {
			isa = PBXGroup;
			children = (
				6FA9CEB026112CC3006DBB32 /* Classes */,
				6F83C71926101A01007B0D8E /* catView */,
				6F83C71A26101A1D007B0D8E /* catEditView */,
				6F83C73226101DDC007B0D8E /* listView */,
				6F83C746261029DC007B0D8E /* itemView */,
			);
			name = "View-Model";
			path = View;
			sourceTree = "<group>";
		};
		6F83C71926101A01007B0D8E /* catView */ = {
			isa = PBXGroup;
			children = (
				6F83C6F2260FCDEF007B0D8E /* catViewLockStack.swift */,
				6F83C6F9260FD1F0007B0D8E /* catViewStack.swift */,
				6F83C70A260FDC5A007B0D8E /* catViewSearchStack.swift */,
				6F83C702260FD615007B0D8E /* catViewFunctions.swift */,
			);
			name = catView;
			sourceTree = "<group>";
		};
		6F83C71A26101A1D007B0D8E /* catEditView */ = {
			isa = PBXGroup;
			children = (
				6F83C716261019E9007B0D8E /* catEditViewStack.swift */,
				6F83C71B26101A9B007B0D8E /* catEditViewFunctions.swift */,
				6F83C71F26101AC7007B0D8E /* catEditViewSomeViews.swift */,
			);
			path = catEditView;
			sourceTree = "<group>";
		};
		6F83C73226101DDC007B0D8E /* listView */ = {
			isa = PBXGroup;
			children = (
				6F83C73326101DFC007B0D8E /* listViewFunctions.swift */,
				6F83C738261024B7007B0D8E /* listViewSearchView.swift */,
				6F83C73B2610251A007B0D8E /* listViewForEachView.swift */,
				6F83C73E2610255D007B0D8E /* listViewStack.swift */,
				6F83C741261025B1007B0D8E /* listViewDetailListView.swift */,
			);
			path = listView;
			sourceTree = "<group>";
		};
		6F83C746261029DC007B0D8E /* itemView */ = {
			isa = PBXGroup;
			children = (
				6F83C74726102A0A007B0D8E /* clipboard.swift */,
				6F83C75326102BEF007B0D8E /* saveFunction.swift */,
				6F83C75726102C39007B0D8E /* itemViewFunctions.swift */,
				6F83C75A26102CEC007B0D8E /* itemViewUI.swift */,
				6F83C75E26102D91007B0D8E /* itemViewPasswordStack.swift */,
				6F83C76226102DD0007B0D8E /* itemViewCreditCardStack.swift */,
				6F83C76526102E0D007B0D8E /* itemViewLicenseKeyStack.swift */,
				6F83C76926102EA5007B0D8E /* itemViewMainView.swift */,
				6F83C74B26102AF2007B0D8E /* itemViewClearNewTextFunction.swift */,
			);
			path = itemView;
			sourceTree = "<group>";
		};
		6FA9CEB026112CC3006DBB32 /* Classes */ = {
			isa = PBXGroup;
			children = (
				6F83C74F26102B6C007B0D8E /* PrivatePartsClass.swift */,
				6F83C6FF260FD586007B0D8E /* SecurityClass.swift */,
			);
			path = Classes;
			sourceTree = "<group>";
		};
/* End PBXGroup section */

/* Begin PBXNativeTarget section */
		2D89E08625EAD67600939877 /* Emoji Pass X */ = {
			isa = PBXNativeTarget;
			buildConfigurationList = 2D89E09B25EAD67700939877 /* Build configuration list for PBXNativeTarget "Emoji Pass X" */;
			buildPhases = (
				2D89E08325EAD67600939877 /* Sources */,
				2D89E08425EAD67600939877 /* Frameworks */,
				2D89E08525EAD67600939877 /* Resources */,
			);
			buildRules = (
			);
			dependencies = (
			);
			name = "Emoji Pass X";
			productName = "Emoji Pass X";
			productReference = 2D89E08725EAD67600939877 /* Emoji Pass X.app */;
			productType = "com.apple.product-type.application";
		};
/* End PBXNativeTarget section */

/* Begin PBXProject section */
		2D89E07F25EAD67600939877 /* Project object */ = {
			isa = PBXProject;
			attributes = {
				LastSwiftUpdateCheck = 1240;
				LastUpgradeCheck = 1240;
				TargetAttributes = {
					2D89E08625EAD67600939877 = {
						CreatedOnToolsVersion = 12.4;
					};
				};
			};
			buildConfigurationList = 2D89E08225EAD67600939877 /* Build configuration list for PBXProject "Emoji Pass X" */;
			compatibilityVersion = "Xcode 9.3";
			developmentRegion = en;
			hasScannedForEncodings = 0;
			knownRegions = (
				en,
				Base,
			);
			mainGroup = 2D89E07E25EAD67600939877;
			productRefGroup = 2D89E08825EAD67600939877 /* Products */;
			projectDirPath = "";
			projectRoot = "";
			targets = (
				2D89E08625EAD67600939877 /* Emoji Pass X */,
			);
		};
/* End PBXProject section */

/* Begin PBXResourcesBuildPhase section */
		2D89E08525EAD67600939877 /* Resources */ = {
			isa = PBXResourcesBuildPhase;
			buildActionMask = 2147483647;
			files = (
				2D89E09725EAD67700939877 /* LaunchScreen.storyboard in Resources */,
				2D89E09425EAD67700939877 /* Preview Assets.xcassets in Resources */,
				2D89E09125EAD67700939877 /* Assets.xcassets in Resources */,
			);
			runOnlyForDeploymentPostprocessing = 0;
		};
/* End PBXResourcesBuildPhase section */

/* Begin PBXSourcesBuildPhase section */
		2D89E08325EAD67600939877 /* Sources */ = {
			isa = PBXSourcesBuildPhase;
			buildActionMask = 2147483647;
			files = (
				2D7D2E2F25EDDF0D004FDB8F /* passlist.xcdatamodeld in Sources */,
				2D7D2E3A25EEFDA7004FDB8F /* Extensions.swift in Sources */,
				2D89E0A225EAD68E00939877 /* ItemView.swift in Sources */,
				2D5DFCDF25FE6B3900561C99 /* Device.swift in Sources */,
				2DA9AD5725EB158E00A2633F /* StandardCryto.swift in Sources */,
				6F83C700260FD586007B0D8E /* SecurityClass.swift in Sources */,
				2D7D2E3625EEEEAD004FDB8F /* CatView.swift in Sources */,
				6FA9CEAC2610F58C006DBB32 /* macEmojiSelector.swift in Sources */,
				2D7D2E3D25EEFED4004FDB8F /* CatEditView.swift in Sources */,
				6F83C73F2610255D007B0D8E /* listViewStack.swift in Sources */,
				2D89E0A125EAD68E00939877 /* ListItem.swift in Sources */,
				6F83C75026102B6C007B0D8E /* PrivatePartsClass.swift in Sources */,
				6F83C74826102A0A007B0D8E /* clipboard.swift in Sources */,
				2D89E08B25EAD67600939877 /* AppDelegate.swift in Sources */,
				6F83C742261025B1007B0D8E /* listViewDetailListView.swift in Sources */,
				6F83C75F26102D91007B0D8E /* itemViewPasswordStack.swift in Sources */,
				2D89E08D25EAD67600939877 /* SceneDelegate.swift in Sources */,
				6F83C75826102C39007B0D8E /* itemViewFunctions.swift in Sources */,
				2D8D534A25F41A3B00A5F397 /* Emojis.swift in Sources */,
				6F83C717261019E9007B0D8E /* catEditViewStack.swift in Sources */,
				6F83C6FA260FD1F0007B0D8E /* catViewStack.swift in Sources */,
				6F83C72026101AC7007B0D8E /* catEditViewSomeViews.swift in Sources */,
				6F83C76A26102EA5007B0D8E /* itemViewMainView.swift in Sources */,
				6F83C70B260FDC5A007B0D8E /* catViewSearchStack.swift in Sources */,
				6F83C75426102BEF007B0D8E /* saveFunction.swift in Sources */,
				6F83C75B26102CEC007B0D8E /* itemViewUI.swift in Sources */,
				6F83C71C26101A9B007B0D8E /* catEditViewFunctions.swift in Sources */,
				6F83C703260FD615007B0D8E /* catViewFunctions.swift in Sources */,
				6F83C76626102E0D007B0D8E /* itemViewLicenseKeyStack.swift in Sources */,
				6F83C73C2610251A007B0D8E /* listViewForEachView.swift in Sources */,
				6F83C74C26102AF2007B0D8E /* itemViewClearNewTextFunction.swift in Sources */,
				6F83C73426101DFC007B0D8E /* listViewFunctions.swift in Sources */,
				6F83C76326102DD0007B0D8E /* itemViewCreditCardStack.swift in Sources */,
				6F83C6F3260FCDEF007B0D8E /* catViewLockStack.swift in Sources */,
				2D89E08F25EAD67600939877 /* ListView.swift in Sources */,
				6F83C739261024B7007B0D8E /* listViewSearchView.swift in Sources */,
			);
			runOnlyForDeploymentPostprocessing = 0;
		};
/* End PBXSourcesBuildPhase section */

/* Begin PBXVariantGroup section */
		2D89E09525EAD67700939877 /* LaunchScreen.storyboard */ = {
			isa = PBXVariantGroup;
			children = (
				2D89E09625EAD67700939877 /* Base */,
			);
			name = LaunchScreen.storyboard;
			sourceTree = "<group>";
		};
/* End PBXVariantGroup section */

/* Begin XCBuildConfiguration section */
		2D89E09925EAD67700939877 /* Debug */ = {
			isa = XCBuildConfiguration;
			buildSettings = {
				ALWAYS_SEARCH_USER_PATHS = NO;
				CLANG_ANALYZER_NONNULL = YES;
				CLANG_ANALYZER_NUMBER_OBJECT_CONVERSION = YES_AGGRESSIVE;
				CLANG_CXX_LANGUAGE_STANDARD = "gnu++14";
				CLANG_CXX_LIBRARY = "libc++";
				CLANG_ENABLE_MODULES = YES;
				CLANG_ENABLE_OBJC_ARC = YES;
				CLANG_ENABLE_OBJC_WEAK = YES;
				CLANG_WARN_BLOCK_CAPTURE_AUTORELEASING = YES;
				CLANG_WARN_BOOL_CONVERSION = YES;
				CLANG_WARN_COMMA = YES;
				CLANG_WARN_CONSTANT_CONVERSION = YES;
				CLANG_WARN_DEPRECATED_OBJC_IMPLEMENTATIONS = YES;
				CLANG_WARN_DIRECT_OBJC_ISA_USAGE = YES_ERROR;
				CLANG_WARN_DOCUMENTATION_COMMENTS = YES;
				CLANG_WARN_EMPTY_BODY = YES;
				CLANG_WARN_ENUM_CONVERSION = YES;
				CLANG_WARN_INFINITE_RECURSION = YES;
				CLANG_WARN_INT_CONVERSION = YES;
				CLANG_WARN_NON_LITERAL_NULL_CONVERSION = YES;
				CLANG_WARN_OBJC_IMPLICIT_RETAIN_SELF = YES;
				CLANG_WARN_OBJC_LITERAL_CONVERSION = YES;
				CLANG_WARN_OBJC_ROOT_CLASS = YES_ERROR;
				CLANG_WARN_QUOTED_INCLUDE_IN_FRAMEWORK_HEADER = YES;
				CLANG_WARN_RANGE_LOOP_ANALYSIS = YES;
				CLANG_WARN_STRICT_PROTOTYPES = YES;
				CLANG_WARN_SUSPICIOUS_MOVE = YES;
				CLANG_WARN_UNGUARDED_AVAILABILITY = YES_AGGRESSIVE;
				CLANG_WARN_UNREACHABLE_CODE = YES;
				CLANG_WARN__DUPLICATE_METHOD_MATCH = YES;
				COPY_PHASE_STRIP = NO;
				DEBUG_INFORMATION_FORMAT = dwarf;
				ENABLE_STRICT_OBJC_MSGSEND = YES;
				ENABLE_TESTABILITY = YES;
				GCC_C_LANGUAGE_STANDARD = gnu11;
				GCC_DYNAMIC_NO_PIC = NO;
				GCC_NO_COMMON_BLOCKS = YES;
				GCC_OPTIMIZATION_LEVEL = 0;
				GCC_PREPROCESSOR_DEFINITIONS = (
					"DEBUG=1",
					"$(inherited)",
				);
				GCC_WARN_64_TO_32_BIT_CONVERSION = YES;
				GCC_WARN_ABOUT_RETURN_TYPE = YES_ERROR;
				GCC_WARN_UNDECLARED_SELECTOR = YES;
				GCC_WARN_UNINITIALIZED_AUTOS = YES_AGGRESSIVE;
				GCC_WARN_UNUSED_FUNCTION = YES;
				GCC_WARN_UNUSED_VARIABLE = YES;
				IPHONEOS_DEPLOYMENT_TARGET = 14.4;
				MTL_ENABLE_DEBUG_INFO = INCLUDE_SOURCE;
				MTL_FAST_MATH = YES;
				ONLY_ACTIVE_ARCH = YES;
				SDKROOT = iphoneos;
				SWIFT_ACTIVE_COMPILATION_CONDITIONS = DEBUG;
				SWIFT_OPTIMIZATION_LEVEL = "-Onone";
			};
			name = Debug;
		};
		2D89E09A25EAD67700939877 /* Release */ = {
			isa = XCBuildConfiguration;
			buildSettings = {
				ALWAYS_SEARCH_USER_PATHS = NO;
				CLANG_ANALYZER_NONNULL = YES;
				CLANG_ANALYZER_NUMBER_OBJECT_CONVERSION = YES_AGGRESSIVE;
				CLANG_CXX_LANGUAGE_STANDARD = "gnu++14";
				CLANG_CXX_LIBRARY = "libc++";
				CLANG_ENABLE_MODULES = YES;
				CLANG_ENABLE_OBJC_ARC = YES;
				CLANG_ENABLE_OBJC_WEAK = YES;
				CLANG_WARN_BLOCK_CAPTURE_AUTORELEASING = YES;
				CLANG_WARN_BOOL_CONVERSION = YES;
				CLANG_WARN_COMMA = YES;
				CLANG_WARN_CONSTANT_CONVERSION = YES;
				CLANG_WARN_DEPRECATED_OBJC_IMPLEMENTATIONS = YES;
				CLANG_WARN_DIRECT_OBJC_ISA_USAGE = YES_ERROR;
				CLANG_WARN_DOCUMENTATION_COMMENTS = YES;
				CLANG_WARN_EMPTY_BODY = YES;
				CLANG_WARN_ENUM_CONVERSION = YES;
				CLANG_WARN_INFINITE_RECURSION = YES;
				CLANG_WARN_INT_CONVERSION = YES;
				CLANG_WARN_NON_LITERAL_NULL_CONVERSION = YES;
				CLANG_WARN_OBJC_IMPLICIT_RETAIN_SELF = YES;
				CLANG_WARN_OBJC_LITERAL_CONVERSION = YES;
				CLANG_WARN_OBJC_ROOT_CLASS = YES_ERROR;
				CLANG_WARN_QUOTED_INCLUDE_IN_FRAMEWORK_HEADER = YES;
				CLANG_WARN_RANGE_LOOP_ANALYSIS = YES;
				CLANG_WARN_STRICT_PROTOTYPES = YES;
				CLANG_WARN_SUSPICIOUS_MOVE = YES;
				CLANG_WARN_UNGUARDED_AVAILABILITY = YES_AGGRESSIVE;
				CLANG_WARN_UNREACHABLE_CODE = YES;
				CLANG_WARN__DUPLICATE_METHOD_MATCH = YES;
				COPY_PHASE_STRIP = NO;
				DEBUG_INFORMATION_FORMAT = "dwarf-with-dsym";
				ENABLE_NS_ASSERTIONS = NO;
				ENABLE_STRICT_OBJC_MSGSEND = YES;
				GCC_C_LANGUAGE_STANDARD = gnu11;
				GCC_NO_COMMON_BLOCKS = YES;
				GCC_WARN_64_TO_32_BIT_CONVERSION = YES;
				GCC_WARN_ABOUT_RETURN_TYPE = YES_ERROR;
				GCC_WARN_UNDECLARED_SELECTOR = YES;
				GCC_WARN_UNINITIALIZED_AUTOS = YES_AGGRESSIVE;
				GCC_WARN_UNUSED_FUNCTION = YES;
				GCC_WARN_UNUSED_VARIABLE = YES;
				IPHONEOS_DEPLOYMENT_TARGET = 14.4;
				MTL_ENABLE_DEBUG_INFO = NO;
				MTL_FAST_MATH = YES;
				SDKROOT = iphoneos;
				SWIFT_COMPILATION_MODE = wholemodule;
				SWIFT_OPTIMIZATION_LEVEL = "-O";
				VALIDATE_PRODUCT = YES;
			};
			name = Release;
		};
		2D89E09C25EAD67700939877 /* Debug */ = {
			isa = XCBuildConfiguration;
			buildSettings = {
				ASSETCATALOG_COMPILER_APPICON_NAME = AppIcon;
				ASSETCATALOG_COMPILER_GLOBAL_ACCENT_COLOR_NAME = AccentColor;
				CODE_SIGN_ENTITLEMENTS = "Emoji Pass X/Emoji Pass X.entitlements";
				CODE_SIGN_STYLE = Automatic;
				CURRENT_PROJECT_VERSION = 34;
				DEVELOPMENT_ASSET_PATHS = "\"Emoji Pass X/Preview Content\"";
				DEVELOPMENT_TEAM = 469UCUB275;
				ENABLE_PREVIEWS = YES;
				INFOPLIST_FILE = "Emoji Pass X/Info.plist";
				IPHONEOS_DEPLOYMENT_TARGET = 14.4;
				"IPHONEOS_DEPLOYMENT_TARGET[sdk=macosx*]" = 14.3;
				LD_RUNPATH_SEARCH_PATHS = (
					"$(inherited)",
					"@executable_path/Frameworks",
				);
				PRODUCT_BUNDLE_IDENTIFIER = com.brusstodd.EmojiPass;
				PRODUCT_NAME = "$(TARGET_NAME)";
				SUPPORTS_MACCATALYST = YES;
				SUPPORTS_MAC_DESIGNED_FOR_IPHONE_IPAD = NO;
				SWIFT_ENFORCE_EXCLUSIVE_ACCESS = "debug-only";
				SWIFT_VERSION = 5.0;
				TARGETED_DEVICE_FAMILY = "1,2,6";
			};
			name = Debug;
		};
		2D89E09D25EAD67700939877 /* Release */ = {
			isa = XCBuildConfiguration;
			buildSettings = {
				ASSETCATALOG_COMPILER_APPICON_NAME = AppIcon;
				ASSETCATALOG_COMPILER_GLOBAL_ACCENT_COLOR_NAME = AccentColor;
				CODE_SIGN_ENTITLEMENTS = "Emoji Pass X/Emoji Pass XRelease.entitlements";
				CODE_SIGN_STYLE = Automatic;
				CURRENT_PROJECT_VERSION = 34;
				DEVELOPMENT_ASSET_PATHS = "\"Emoji Pass X/Preview Content\"";
				DEVELOPMENT_TEAM = 469UCUB275;
				ENABLE_PREVIEWS = YES;
				INFOPLIST_FILE = "Emoji Pass X/Info.plist";
				IPHONEOS_DEPLOYMENT_TARGET = 14.4;
				"IPHONEOS_DEPLOYMENT_TARGET[sdk=macosx*]" = 14.3;
				LD_RUNPATH_SEARCH_PATHS = (
					"$(inherited)",
					"@executable_path/Frameworks",
				);
				PRODUCT_BUNDLE_IDENTIFIER = com.brusstodd.EmojiPass;
				PRODUCT_NAME = "$(TARGET_NAME)";
				SUPPORTS_MACCATALYST = YES;
				SUPPORTS_MAC_DESIGNED_FOR_IPHONE_IPAD = NO;
				SWIFT_ENFORCE_EXCLUSIVE_ACCESS = "debug-only";
				SWIFT_VERSION = 5.0;
				TARGETED_DEVICE_FAMILY = "1,2,6";
			};
			name = Release;
		};
/* End XCBuildConfiguration section */

/* Begin XCConfigurationList section */
		2D89E08225EAD67600939877 /* Build configuration list for PBXProject "Emoji Pass X" */ = {
			isa = XCConfigurationList;
			buildConfigurations = (
				2D89E09925EAD67700939877 /* Debug */,
				2D89E09A25EAD67700939877 /* Release */,
			);
			defaultConfigurationIsVisible = 0;
			defaultConfigurationName = Release;
		};
		2D89E09B25EAD67700939877 /* Build configuration list for PBXNativeTarget "Emoji Pass X" */ = {
			isa = XCConfigurationList;
			buildConfigurations = (
				2D89E09C25EAD67700939877 /* Debug */,
				2D89E09D25EAD67700939877 /* Release */,
			);
			defaultConfigurationIsVisible = 0;
			defaultConfigurationName = Release;
		};
/* End XCConfigurationList section */

/* Begin XCVersionGroup section */
		2D7D2E2D25EDDF0D004FDB8F /* passlist.xcdatamodeld */ = {
			isa = XCVersionGroup;
			children = (
				2D7D2E2E25EDDF0D004FDB8F /* OrderedList.xcdatamodel */,
			);
			currentVersion = 2D7D2E2E25EDDF0D004FDB8F /* OrderedList.xcdatamodel */;
			path = passlist.xcdatamodeld;
			sourceTree = "<group>";
			versionGroupType = wrapper.xcdatamodel;
		};
/* End XCVersionGroup section */
	};
	rootObject = 2D89E07F25EAD67600939877 /* Project object */;
}
